// !$*UTF8*$!
{
	archiveVersion = 1;
	classes = {
	};
	objectVersion = 46;
	objects = {

/* Begin PBXBuildFile section */
		2089D27C1C5DB2B700ECCDAD /* AppDelegate.swift in Sources */ = {isa = PBXBuildFile; fileRef = 2089D27B1C5DB2B700ECCDAD /* AppDelegate.swift */; };
		2089D27E1C5DB2B700ECCDAD /* ViewController.swift in Sources */ = {isa = PBXBuildFile; fileRef = 2089D27D1C5DB2B700ECCDAD /* ViewController.swift */; };
		2089D2811C5DB2B700ECCDAD /* Main.storyboard in Resources */ = {isa = PBXBuildFile; fileRef = 2089D27F1C5DB2B700ECCDAD /* Main.storyboard */; };
		2089D2831C5DB2B700ECCDAD /* Assets.xcassets in Resources */ = {isa = PBXBuildFile; fileRef = 2089D2821C5DB2B700ECCDAD /* Assets.xcassets */; };
		2089D2861C5DB2B700ECCDAD /* LaunchScreen.storyboard in Resources */ = {isa = PBXBuildFile; fileRef = 2089D2841C5DB2B700ECCDAD /* LaunchScreen.storyboard */; };
		2089D2911C5DB2B700ECCDAD /* GreedKataTests.swift in Sources */ = {isa = PBXBuildFile; fileRef = 2089D2901C5DB2B700ECCDAD /* GreedKataTests.swift */; };
		2089D29E1C5DB32300ECCDAD /* RollerTests.swift in Sources */ = {isa = PBXBuildFile; fileRef = 2089D29D1C5DB32300ECCDAD /* RollerTests.swift */; };
		2089D2A01C5DB34B00ECCDAD /* Greed.swift in Sources */ = {isa = PBXBuildFile; fileRef = 2089D29F1C5DB34B00ECCDAD /* Greed.swift */; };
		2089D2A21C5DB36800ECCDAD /* Roller.swift in Sources */ = {isa = PBXBuildFile; fileRef = 2089D2A11C5DB36800ECCDAD /* Roller.swift */; };
		2089D2A41C5DB37E00ECCDAD /* ScoreKeeper.swift in Sources */ = {isa = PBXBuildFile; fileRef = 2089D2A31C5DB37E00ECCDAD /* ScoreKeeper.swift */; };
		2089D2A61C5DB39900ECCDAD /* ScoreKeeperType.swift in Sources */ = {isa = PBXBuildFile; fileRef = 2089D2A51C5DB39900ECCDAD /* ScoreKeeperType.swift */; };
/* End PBXBuildFile section */

/* Begin PBXContainerItemProxy section */
		2089D28D1C5DB2B700ECCDAD /* PBXContainerItemProxy */ = {
			isa = PBXContainerItemProxy;
			containerPortal = 2089D2701C5DB2B700ECCDAD /* Project object */;
			proxyType = 1;
			remoteGlobalIDString = 2089D2771C5DB2B700ECCDAD;
			remoteInfo = GreedKata;
		};
/* End PBXContainerItemProxy section */

/* Begin PBXFileReference section */
		2089D2781C5DB2B700ECCDAD /* GreedKata.app */ = {isa = PBXFileReference; explicitFileType = wrapper.application; includeInIndex = 0; path = GreedKata.app; sourceTree = BUILT_PRODUCTS_DIR; };
		2089D27B1C5DB2B700ECCDAD /* AppDelegate.swift */ = {isa = PBXFileReference; lastKnownFileType = sourcecode.swift; path = AppDelegate.swift; sourceTree = "<group>"; };
		2089D27D1C5DB2B700ECCDAD /* ViewController.swift */ = {isa = PBXFileReference; lastKnownFileType = sourcecode.swift; path = ViewController.swift; sourceTree = "<group>"; };
		2089D2801C5DB2B700ECCDAD /* Base */ = {isa = PBXFileReference; lastKnownFileType = file.storyboard; name = Base; path = Base.lproj/Main.storyboard; sourceTree = "<group>"; };
		2089D2821C5DB2B700ECCDAD /* Assets.xcassets */ = {isa = PBXFileReference; lastKnownFileType = folder.assetcatalog; path = Assets.xcassets; sourceTree = "<group>"; };
		2089D2851C5DB2B700ECCDAD /* Base */ = {isa = PBXFileReference; lastKnownFileType = file.storyboard; name = Base; path = Base.lproj/LaunchScreen.storyboard; sourceTree = "<group>"; };
		2089D2871C5DB2B700ECCDAD /* Info.plist */ = {isa = PBXFileReference; lastKnownFileType = text.plist.xml; path = Info.plist; sourceTree = "<group>"; };
		2089D28C1C5DB2B700ECCDAD /* GreedKataTests.xctest */ = {isa = PBXFileReference; explicitFileType = wrapper.cfbundle; includeInIndex = 0; path = GreedKataTests.xctest; sourceTree = BUILT_PRODUCTS_DIR; };
		2089D2901C5DB2B700ECCDAD /* GreedKataTests.swift */ = {isa = PBXFileReference; lastKnownFileType = sourcecode.swift; path = GreedKataTests.swift; sourceTree = "<group>"; };
		2089D2921C5DB2B700ECCDAD /* Info.plist */ = {isa = PBXFileReference; lastKnownFileType = text.plist.xml; path = Info.plist; sourceTree = "<group>"; };
		2089D29D1C5DB32300ECCDAD /* RollerTests.swift */ = {isa = PBXFileReference; fileEncoding = 4; lastKnownFileType = sourcecode.swift; path = RollerTests.swift; sourceTree = "<group>"; };
		2089D29F1C5DB34B00ECCDAD /* Greed.swift */ = {isa = PBXFileReference; fileEncoding = 4; lastKnownFileType = sourcecode.swift; path = Greed.swift; sourceTree = "<group>"; };
		2089D2A11C5DB36800ECCDAD /* Roller.swift */ = {isa = PBXFileReference; fileEncoding = 4; lastKnownFileType = sourcecode.swift; path = Roller.swift; sourceTree = "<group>"; };
		2089D2A31C5DB37E00ECCDAD /* ScoreKeeper.swift */ = {isa = PBXFileReference; fileEncoding = 4; lastKnownFileType = sourcecode.swift; path = ScoreKeeper.swift; sourceTree = "<group>"; };
		2089D2A51C5DB39900ECCDAD /* ScoreKeeperType.swift */ = {isa = PBXFileReference; fileEncoding = 4; lastKnownFileType = sourcecode.swift; path = ScoreKeeperType.swift; sourceTree = "<group>"; };
/* End PBXFileReference section */

/* Begin PBXFrameworksBuildPhase section */
		2089D2751C5DB2B700ECCDAD /* Frameworks */ = {
			isa = PBXFrameworksBuildPhase;
			buildActionMask = 2147483647;
			files = (
			);
			runOnlyForDeploymentPostprocessing = 0;
		};
		2089D2891C5DB2B700ECCDAD /* Frameworks */ = {
			isa = PBXFrameworksBuildPhase;
			buildActionMask = 2147483647;
			files = (
			);
			runOnlyForDeploymentPostprocessing = 0;
		};
/* End PBXFrameworksBuildPhase section */

/* Begin PBXGroup section */
		2089D26F1C5DB2B700ECCDAD = {
			isa = PBXGroup;
			children = (
				2089D27A1C5DB2B700ECCDAD /* GreedKata */,
				2089D28F1C5DB2B700ECCDAD /* GreedKataTests */,
				2089D2791C5DB2B700ECCDAD /* Products */,
			);
			sourceTree = "<group>";
		};
		2089D2791C5DB2B700ECCDAD /* Products */ = {
			isa = PBXGroup;
			children = (
				2089D2781C5DB2B700ECCDAD /* GreedKata.app */,
				2089D28C1C5DB2B700ECCDAD /* GreedKataTests.xctest */,
			);
			name = Products;
			sourceTree = "<group>";
		};
		2089D27A1C5DB2B700ECCDAD /* GreedKata */ = {
			isa = PBXGroup;
			children = (
				2089D27B1C5DB2B700ECCDAD /* AppDelegate.swift */,
				2089D29F1C5DB34B00ECCDAD /* Greed.swift */,
				2089D2A11C5DB36800ECCDAD /* Roller.swift */,
				2089D2A31C5DB37E00ECCDAD /* ScoreKeeper.swift */,
				2089D2A51C5DB39900ECCDAD /* ScoreKeeperType.swift */,
				2089D27D1C5DB2B700ECCDAD /* ViewController.swift */,
				2089D27F1C5DB2B700ECCDAD /* Main.storyboard */,
				2089D2821C5DB2B700ECCDAD /* Assets.xcassets */,
				2089D2841C5DB2B700ECCDAD /* LaunchScreen.storyboard */,
				2089D2871C5DB2B700ECCDAD /* Info.plist */,
			);
			path = GreedKata;
			sourceTree = "<group>";
		};
		2089D28F1C5DB2B700ECCDAD /* GreedKataTests */ = {
			isa = PBXGroup;
			children = (
				2089D2901C5DB2B700ECCDAD /* GreedKataTests.swift */,
				2089D29D1C5DB32300ECCDAD /* RollerTests.swift */,
				2089D2921C5DB2B700ECCDAD /* Info.plist */,
			);
			path = GreedKataTests;
			sourceTree = "<group>";
		};
/* End PBXGroup section */

/* Begin PBXNativeTarget section */
		2089D2771C5DB2B700ECCDAD /* GreedKata */ = {
			isa = PBXNativeTarget;
			buildConfigurationList = 2089D2951C5DB2B700ECCDAD /* Build configuration list for PBXNativeTarget "GreedKata" */;
			buildPhases = (
				2089D2741C5DB2B700ECCDAD /* Sources */,
				2089D2751C5DB2B700ECCDAD /* Frameworks */,
				2089D2761C5DB2B700ECCDAD /* Resources */,
			);
			buildRules = (
			);
			dependencies = (
			);
			name = GreedKata;
			productName = GreedKata;
			productReference = 2089D2781C5DB2B700ECCDAD /* GreedKata.app */;
			productType = "com.apple.product-type.application";
		};
		2089D28B1C5DB2B700ECCDAD /* GreedKataTests */ = {
			isa = PBXNativeTarget;
			buildConfigurationList = 2089D2981C5DB2B700ECCDAD /* Build configuration list for PBXNativeTarget "GreedKataTests" */;
			buildPhases = (
				2089D2881C5DB2B700ECCDAD /* Sources */,
				2089D2891C5DB2B700ECCDAD /* Frameworks */,
				2089D28A1C5DB2B700ECCDAD /* Resources */,
			);
			buildRules = (
			);
			dependencies = (
				2089D28E1C5DB2B700ECCDAD /* PBXTargetDependency */,
			);
			name = GreedKataTests;
			productName = GreedKataTests;
			productReference = 2089D28C1C5DB2B700ECCDAD /* GreedKataTests.xctest */;
			productType = "com.apple.product-type.bundle.unit-test";
		};
/* End PBXNativeTarget section */

/* Begin PBXProject section */
		2089D2701C5DB2B700ECCDAD /* Project object */ = {
			isa = PBXProject;
			attributes = {
				LastSwiftUpdateCheck = 0720;
				LastUpgradeCheck = 0720;
				ORGANIZATIONNAME = "Six Five Software, LLC";
				TargetAttributes = {
					2089D2771C5DB2B700ECCDAD = {
						CreatedOnToolsVersion = 7.2;
					};
					2089D28B1C5DB2B700ECCDAD = {
						CreatedOnToolsVersion = 7.2;
						TestTargetID = 2089D2771C5DB2B700ECCDAD;
					};
				};
			};
			buildConfigurationList = 2089D2731C5DB2B700ECCDAD /* Build configuration list for PBXProject "GreedKata" */;
			compatibilityVersion = "Xcode 3.2";
			developmentRegion = English;
			hasScannedForEncodings = 0;
			knownRegions = (
				en,
				Base,
			);
			mainGroup = 2089D26F1C5DB2B700ECCDAD;
			productRefGroup = 2089D2791C5DB2B700ECCDAD /* Products */;
			projectDirPath = "";
			projectRoot = "";
			targets = (
				2089D2771C5DB2B700ECCDAD /* GreedKata */,
				2089D28B1C5DB2B700ECCDAD /* GreedKataTests */,
			);
		};
/* End PBXProject section */

/* Begin PBXResourcesBuildPhase section */
		2089D2761C5DB2B700ECCDAD /* Resources */ = {
			isa = PBXResourcesBuildPhase;
			buildActionMask = 2147483647;
			files = (
				2089D2861C5DB2B700ECCDAD /* LaunchScreen.storyboard in Resources */,
				2089D2831C5DB2B700ECCDAD /* Assets.xcassets in Resources */,
				2089D2811C5DB2B700ECCDAD /* Main.storyboard in Resources */,
			);
			runOnlyForDeploymentPostprocessing = 0;
		};
		2089D28A1C5DB2B700ECCDAD /* Resources */ = {
			isa = PBXResourcesBuildPhase;
			buildActionMask = 2147483647;
			files = (
			);
			runOnlyForDeploymentPostprocessing = 0;
		};
/* End PBXResourcesBuildPhase section */

/* Begin PBXSourcesBuildPhase section */
		2089D2741C5DB2B700ECCDAD /* Sources */ = {
			isa = PBXSourcesBuildPhase;
			buildActionMask = 2147483647;
			files = (
				2089D2A01C5DB34B00ECCDAD /* Greed.swift in Sources */,
				2089D2A41C5DB37E00ECCDAD /* ScoreKeeper.swift in Sources */,
				2089D2A61C5DB39900ECCDAD /* ScoreKeeperType.swift in Sources */,
				2089D27E1C5DB2B700ECCDAD /* ViewController.swift in Sources */,
				2089D27C1C5DB2B700ECCDAD /* AppDelegate.swift in Sources */,
				2089D2A21C5DB36800ECCDAD /* Roller.swift in Sources */,
			);
			runOnlyForDeploymentPostprocessing = 0;
		};
		2089D2881C5DB2B700ECCDAD /* Sources */ = {
			isa = PBXSourcesBuildPhase;
			buildActionMask = 2147483647;
			files = (
				2089D2911C5DB2B700ECCDAD /* GreedKataTests.swift in Sources */,
				2089D29E1C5DB32300ECCDAD /* RollerTests.swift in Sources */,
			);
			runOnlyForDeploymentPostprocessing = 0;
		};
/* End PBXSourcesBuildPhase section */

/* Begin PBXTargetDependency section */
		2089D28E1C5DB2B700ECCDAD /* PBXTargetDependency */ = {
			isa = PBXTargetDependency;
			target = 2089D2771C5DB2B700ECCDAD /* GreedKata */;
			targetProxy = 2089D28D1C5DB2B700ECCDAD /* PBXContainerItemProxy */;
		};
/* End PBXTargetDependency section */

/* Begin PBXVariantGroup section */
		2089D27F1C5DB2B700ECCDAD /* Main.storyboard */ = {
			isa = PBXVariantGroup;
			children = (
				2089D2801C5DB2B700ECCDAD /* Base */,
			);
			name = Main.storyboard;
			sourceTree = "<group>";
		};
		2089D2841C5DB2B700ECCDAD /* LaunchScreen.storyboard */ = {
			isa = PBXVariantGroup;
			children = (
				2089D2851C5DB2B700ECCDAD /* Base */,
			);
			name = LaunchScreen.storyboard;
			sourceTree = "<group>";
		};
/* End PBXVariantGroup section */

/* Begin XCBuildConfiguration section */
		2089D2931C5DB2B700ECCDAD /* Debug */ = {
			isa = XCBuildConfiguration;
			buildSettings = {
				ALWAYS_SEARCH_USER_PATHS = NO;
				CLANG_CXX_LANGUAGE_STANDARD = "gnu++0x";
				CLANG_CXX_LIBRARY = "libc++";
				CLANG_ENABLE_MODULES = YES;
				CLANG_ENABLE_OBJC_ARC = YES;
				CLANG_WARN_BOOL_CONVERSION = YES;
				CLANG_WARN_CONSTANT_CONVERSION = YES;
				CLANG_WARN_DIRECT_OBJC_ISA_USAGE = YES_ERROR;
				CLANG_WARN_EMPTY_BODY = YES;
				CLANG_WARN_ENUM_CONVERSION = YES;
				CLANG_WARN_INT_CONVERSION = YES;
				CLANG_WARN_OBJC_ROOT_CLASS = YES_ERROR;
				CLANG_WARN_UNREACHABLE_CODE = YES;
				CLANG_WARN__DUPLICATE_METHOD_MATCH = YES;
				"CODE_SIGN_IDENTITY[sdk=iphoneos*]" = "iPhone Developer";
				COPY_PHASE_STRIP = NO;
				DEBUG_INFORMATION_FORMAT = dwarf;
				ENABLE_STRICT_OBJC_MSGSEND = YES;
				ENABLE_TESTABILITY = YES;
				GCC_C_LANGUAGE_STANDARD = gnu99;
				GCC_DYNAMIC_NO_PIC = NO;
				GCC_NO_COMMON_BLOCKS = YES;
				GCC_OPTIMIZATION_LEVEL = 0;
				GCC_PREPROCESSOR_DEFINITIONS = (
					"DEBUG=1",
					"$(inherited)",
				);
				GCC_WARN_64_TO_32_BIT_CONVERSION = YES;
				GCC_WARN_ABOUT_RETURN_TYPE = YES_ERROR;
				GCC_WARN_UNDECLARED_SELECTOR = YES;
				GCC_WARN_UNINITIALIZED_AUTOS = YES_AGGRESSIVE;
				GCC_WARN_UNUSED_FUNCTION = YES;
				GCC_WARN_UNUSED_VARIABLE = YES;
				IPHONEOS_DEPLOYMENT_TARGET = 9.2;
				MTL_ENABLE_DEBUG_INFO = YES;
				ONLY_ACTIVE_ARCH = YES;
				SDKROOT = iphoneos;
				SWIFT_OPTIMIZATION_LEVEL = "-Onone";
				TARGETED_DEVICE_FAMILY = "1,2";
			};
			name = Debug;
		};
		2089D2941C5DB2B700ECCDAD /* Release */ = {
			isa = XCBuildConfiguration;
			buildSettings = {
				ALWAYS_SEARCH_USER_PATHS = NO;
				CLANG_CXX_LANGUAGE_STANDARD = "gnu++0x";
				CLANG_CXX_LIBRARY = "libc++";
				CLANG_ENABLE_MODULES = YES;
				CLANG_ENABLE_OBJC_ARC = YES;
				CLANG_WARN_BOOL_CONVERSION = YES;
				CLANG_WARN_CONSTANT_CONVERSION = YES;
				CLANG_WARN_DIRECT_OBJC_ISA_USAGE = YES_ERROR;
				CLANG_WARN_EMPTY_BODY = YES;
				CLANG_WARN_ENUM_CONVERSION = YES;
				CLANG_WARN_INT_CONVERSION = YES;
				CLANG_WARN_OBJC_ROOT_CLASS = YES_ERROR;
				CLANG_WARN_UNREACHABLE_CODE = YES;
				CLANG_WARN__DUPLICATE_METHOD_MATCH = YES;
				"CODE_SIGN_IDENTITY[sdk=iphoneos*]" = "iPhone Developer";
				COPY_PHASE_STRIP = NO;
				DEBUG_INFORMATION_FORMAT = "dwarf-with-dsym";
				ENABLE_NS_ASSERTIONS = NO;
				ENABLE_STRICT_OBJC_MSGSEND = YES;
				GCC_C_LANGUAGE_STANDARD = gnu99;
				GCC_NO_COMMON_BLOCKS = YES;
				GCC_WARN_64_TO_32_BIT_CONVERSION = YES;
				GCC_WARN_ABOUT_RETURN_TYPE = YES_ERROR;
				GCC_WARN_UNDECLARED_SELECTOR = YES;
				GCC_WARN_UNINITIALIZED_AUTOS = YES_AGGRESSIVE;
				GCC_WARN_UNUSED_FUNCTION = YES;
				GCC_WARN_UNUSED_VARIABLE = YES;
				IPHONEOS_DEPLOYMENT_TARGET = 9.2;
				MTL_ENABLE_DEBUG_INFO = NO;
				SDKROOT = iphoneos;
				TARGETED_DEVICE_FAMILY = "1,2";
				VALIDATE_PRODUCT = YES;
			};
			name = Release;
		};
		2089D2961C5DB2B700ECCDAD /* Debug */ = {
			isa = XCBuildConfiguration;
			buildSettings = {
				ASSETCATALOG_COMPILER_APPICON_NAME = AppIcon;
				INFOPLIST_FILE = GreedKata/Info.plist;
				LD_RUNPATH_SEARCH_PATHS = "$(inherited) @executable_path/Frameworks";
				PRODUCT_BUNDLE_IDENTIFIER = com.sixfivesoftware.GreedKata;
				PRODUCT_NAME = "$(TARGET_NAME)";
			};
			name = Debug;
		};
		2089D2971C5DB2B700ECCDAD /* Release */ = {
			isa = XCBuildConfiguration;
			buildSettings = {
				ASSETCATALOG_COMPILER_APPICON_NAME = AppIcon;
				INFOPLIST_FILE = GreedKata/Info.plist;
				LD_RUNPATH_SEARCH_PATHS = "$(inherited) @executable_path/Frameworks";
				PRODUCT_BUNDLE_IDENTIFIER = com.sixfivesoftware.GreedKata;
				PRODUCT_NAME = "$(TARGET_NAME)";
			};
			name = Release;
		};
		2089D2991C5DB2B700ECCDAD /* Debug */ = {
			isa = XCBuildConfiguration;
			buildSettings = {
				BUNDLE_LOADER = "$(TEST_HOST)";
				INFOPLIST_FILE = GreedKataTests/Info.plist;
				LD_RUNPATH_SEARCH_PATHS = "$(inherited) @executable_path/Frameworks @loader_path/Frameworks";
				PRODUCT_BUNDLE_IDENTIFIER = com.sixfivesoftware.GreedKataTests;
				PRODUCT_NAME = "$(TARGET_NAME)";
				TEST_HOST = "$(BUILT_PRODUCTS_DIR)/GreedKata.app/GreedKata";
			};
			name = Debug;
		};
		2089D29A1C5DB2B700ECCDAD /* Release */ = {
			isa = XCBuildConfiguration;
			buildSettings = {
				BUNDLE_LOADER = "$(TEST_HOST)";
				INFOPLIST_FILE = GreedKataTests/Info.plist;
				LD_RUNPATH_SEARCH_PATHS = "$(inherited) @executable_path/Frameworks @loader_path/Frameworks";
				PRODUCT_BUNDLE_IDENTIFIER = com.sixfivesoftware.GreedKataTests;
				PRODUCT_NAME = "$(TARGET_NAME)";
				TEST_HOST = "$(BUILT_PRODUCTS_DIR)/GreedKata.app/GreedKata";
			};
			name = Release;
		};
/* End XCBuildConfiguration section */

/* Begin XCConfigurationList section */
		2089D2731C5DB2B700ECCDAD /* Build configuration list for PBXProject "GreedKata" */ = {
			isa = XCConfigurationList;
			buildConfigurations = (
				2089D2931C5DB2B700ECCDAD /* Debug */,
				2089D2941C5DB2B700ECCDAD /* Release */,
			);
			defaultConfigurationIsVisible = 0;
			defaultConfigurationName = Release;
		};
		2089D2951C5DB2B700ECCDAD /* Build configuration list for PBXNativeTarget "GreedKata" */ = {
			isa = XCConfigurationList;
			buildConfigurations = (
				2089D2961C5DB2B700ECCDAD /* Debug */,
				2089D2971C5DB2B700ECCDAD /* Release */,
			);
			defaultConfigurationIsVisible = 0;
		};
		2089D2981C5DB2B700ECCDAD /* Build configuration list for PBXNativeTarget "GreedKataTests" */ = {
			isa = XCConfigurationList;
			buildConfigurations = (
				2089D2991C5DB2B700ECCDAD /* Debug */,
				2089D29A1C5DB2B700ECCDAD /* Release */,
			);
			defaultConfigurationIsVisible = 0;
		};
/* End XCConfigurationList section */
	};
	rootObject = 2089D2701C5DB2B700ECCDAD /* Project object */;
}
